
Microsoft Visual Studio Solution File, Format Version 12.00
# Visual Studio Version 17
VisualStudioVersion = 17.1.32421.90
MinimumVisualStudioVersion = 10.0.40219.1
Project("{FAE04EC0-301F-11D3-BF4B-00C04F79EFBC}") = "Hastane_Otomasyon", "Hastane_Otomasyon\Hastane_Otomasyon.csproj", "{04F79EA7-C5E4-4AAD-B4DA-B0C59D31642D}"
EndProject
Global
	GlobalSection(SolutionConfigurationPlatforms) = preSolution
		Debug|Any CPU = Debug|Any CPU
		Release|Any CPU = Release|Any CPU
	EndGlobalSection
	GlobalSection(ProjectConfigurationPlatforms) = postSolution
		{04F79EA7-C5E4-4AAD-B4DA-B0C59D31642D}.Debug|Any CPU.ActiveCfg = Debug|Any CPU
		{04F79EA7-C5E4-4AAD-B4DA-B0C59D31642D}.Debug|Any CPU.Build.0 = Debug|Any CPU
		{04F79EA7-C5E4-4AAD-B4DA-B0C59D31642D}.Release|Any CPU.ActiveCfg = Release|Any CPU
		{04F79EA7-C5E4-4AAD-B4DA-B0C59D31642D}.Release|Any CPU.Build.0 = Release|Any CPU
	EndGlobalSection
	GlobalSection(SolutionProperties) = preSolution
		HideSolutionNode = FALSE
	EndGlobalSection
	GlobalSection(ExtensibilityGlobals) = postSolution
		SolutionGuid = {4CAB4A54-1066-46EB-B1BA-25F77DE496FA}
	EndGlobalSection
EndGlobal
